{
  "requires": true,
  "lockfileVersion": 1,
  "dependencies": {
    "btoa": {
      "version": "1.2.1",
      "resolved": "https://registry.npmjs.org/btoa/-/btoa-1.2.1.tgz",
      "integrity": "sha512-SB4/MIGlsiVkMcHmT+pSmIPoNDoHg+7cMzmt3Uxt628MTz2487DKSqK/fuhFBrkuqrYv5UCEnACpF4dTFNKc/g=="
    },
    "sheetdb-node": {
      "version": "0.0.12",
      "resolved": "https://registry.npmjs.org/sheetdb-node/-/sheetdb-node-0.0.12.tgz",
      "integrity": "sha512-wqdZVDNfIkmi2QfPwvk5zU9wqaJx7JABUugQ3NH69DcicfMoIt3HYIjpoA2kpZx85LmwBSo3AJ3Jh4k5vNE6xg==",
      "requires": {
        "btoa": "^1.1.2",
        "xhr2": "^0.1.4",
        "xmlhttprequest": "^1.8.0"
      }
    },
    "xhr2": {
      "version": "0.1.4",
      "resolved": "https://registry.npmjs.org/xhr2/-/xhr2-0.1.4.tgz",
      "integrity": "sha1-f4dliEdxbbUCYyOBL4GMras4el8="
    },
    "xmlhttprequest": {
      "version": "1.8.0",
      "resolved": "https://registry.npmjs.org/xmlhttprequest/-/xmlhttprequest-1.8.0.tgz",
      "integrity": "sha1-Z/4HXFwk/vOfnWX197f+dRcZaPw="
    }
  }
}
